
Microsoft Visual Studio Solution File, Format Version 11.00
# Visual Studio 2010
Project("{FAE04EC0-301F-11D3-BF4B-00C04F79EFBC}") = "Test_Spaces_Schooter", "Assembly-CSharp-firstpass.csproj", "{DFBBE6AD-CE3C-AE7D-1E5E-95082AA78F5C}"
EndProject
Project("{FAE04EC0-301F-11D3-BF4B-00C04F79EFBC}") = "Test_Spaces_Schooter", "Assembly-CSharp.csproj", "{FF99B7FB-AE4E-A419-7D7F-82FFBF32CACB}"
EndProject
Project("{FAE04EC0-301F-11D3-BF4B-00C04F79EFBC}") = "Test_Spaces_Schooter", "Assembly-CSharp-Editor-firstpass.csproj", "{C2DDBB3A-C4D2-1F92-985F-808BFC9E632B}"
EndProject
Global
	GlobalSection(SolutionConfigurationPlatforms) = preSolution
		Debug|Any CPU = Debug|Any CPU
		Release|Any CPU = Release|Any CPU
	EndGlobalSection
	GlobalSection(ProjectConfigurationPlatforms) = postSolution
		{DFBBE6AD-CE3C-AE7D-1E5E-95082AA78F5C}.Debug|Any CPU.ActiveCfg = Debug|Any CPU
		{DFBBE6AD-CE3C-AE7D-1E5E-95082AA78F5C}.Debug|Any CPU.Build.0 = Debug|Any CPU
		{DFBBE6AD-CE3C-AE7D-1E5E-95082AA78F5C}.Release|Any CPU.ActiveCfg = Release|Any CPU
		{DFBBE6AD-CE3C-AE7D-1E5E-95082AA78F5C}.Release|Any CPU.Build.0 = Release|Any CPU
		{FF99B7FB-AE4E-A419-7D7F-82FFBF32CACB}.Debug|Any CPU.ActiveCfg = Debug|Any CPU
		{FF99B7FB-AE4E-A419-7D7F-82FFBF32CACB}.Debug|Any CPU.Build.0 = Debug|Any CPU
		{FF99B7FB-AE4E-A419-7D7F-82FFBF32CACB}.Release|Any CPU.ActiveCfg = Release|Any CPU
		{FF99B7FB-AE4E-A419-7D7F-82FFBF32CACB}.Release|Any CPU.Build.0 = Release|Any CPU
		{C2DDBB3A-C4D2-1F92-985F-808BFC9E632B}.Debug|Any CPU.ActiveCfg = Debug|Any CPU
		{C2DDBB3A-C4D2-1F92-985F-808BFC9E632B}.Debug|Any CPU.Build.0 = Debug|Any CPU
		{C2DDBB3A-C4D2-1F92-985F-808BFC9E632B}.Release|Any CPU.ActiveCfg = Release|Any CPU
		{C2DDBB3A-C4D2-1F92-985F-808BFC9E632B}.Release|Any CPU.Build.0 = Release|Any CPU
	EndGlobalSection
	GlobalSection(SolutionProperties) = preSolution
		HideSolutionNode = FALSE
	EndGlobalSection
	GlobalSection(MonoDevelopProperties) = preSolution
		StartupItem = Assembly-CSharp.csproj
	EndGlobalSection
EndGlobal
